
Microsoft Visual Studio Solution File, Format Version 12.00
# Visual Studio Version 17
VisualStudioVersion = 17.5.002.0
MinimumVisualStudioVersion = 10.0.40219.1
Project("{9A19103F-16F7-4668-BE54-9A1E7A4F7556}") = "NeptunesTreasure", "NeptunesTreasure.csproj", "{D318DD3D-4460-408F-9BE0-7C99856BC708}"
EndProject
Global
	GlobalSection(SolutionConfigurationPlatforms) = preSolution
		Debug|Any CPU = Debug|Any CPU
		Release|Any CPU = Release|Any CPU
	EndGlobalSection
	GlobalSection(ProjectConfigurationPlatforms) = postSolution
		{D318DD3D-4460-408F-9BE0-7C99856BC708}.Debug|Any CPU.ActiveCfg = Debug|Any CPU
		{D318DD3D-4460-408F-9BE0-7C99856BC708}.Debug|Any CPU.Build.0 = Debug|Any CPU
		{D318DD3D-4460-408F-9BE0-7C99856BC708}.Release|Any CPU.ActiveCfg = Release|Any CPU
		{D318DD3D-4460-408F-9BE0-7C99856BC708}.Release|Any CPU.Build.0 = Release|Any CPU
	EndGlobalSection
	GlobalSection(SolutionProperties) = preSolution
		HideSolutionNode = FALSE
	EndGlobalSection
	GlobalSection(ExtensibilityGlobals) = postSolution
		SolutionGuid = {CA68D337-BD79-43D2-88A0-EF0FDB4939CD}
	EndGlobalSection
EndGlobal
