
Microsoft Visual Studio Solution File, Format Version 12.00
# Visual Studio Version 17
VisualStudioVersion = 17.5.002.0
MinimumVisualStudioVersion = 10.0.40219.1
Project("{9A19103F-16F7-4668-BE54-9A1E7A4F7556}") = "NeptunesTreasure", "NeptunesTreasure.csproj", "{4F150094-992F-4200-B18E-136CC41C4811}"
EndProject
Global
	GlobalSection(SolutionConfigurationPlatforms) = preSolution
		Debug|Any CPU = Debug|Any CPU
		Release|Any CPU = Release|Any CPU
	EndGlobalSection
	GlobalSection(ProjectConfigurationPlatforms) = postSolution
		{4F150094-992F-4200-B18E-136CC41C4811}.Debug|Any CPU.ActiveCfg = Debug|Any CPU
		{4F150094-992F-4200-B18E-136CC41C4811}.Debug|Any CPU.Build.0 = Debug|Any CPU
		{4F150094-992F-4200-B18E-136CC41C4811}.Release|Any CPU.ActiveCfg = Release|Any CPU
		{4F150094-992F-4200-B18E-136CC41C4811}.Release|Any CPU.Build.0 = Release|Any CPU
	EndGlobalSection
	GlobalSection(SolutionProperties) = preSolution
		HideSolutionNode = FALSE
	EndGlobalSection
	GlobalSection(ExtensibilityGlobals) = postSolution
		SolutionGuid = {51ABFC2E-AE0F-4A99-98F2-218AD537E5C3}
	EndGlobalSection
EndGlobal
